
Microsoft Visual Studio Solution File, Format Version 12.00
# Visual Studio Version 17
VisualStudioVersion = 17.4.33213.308
MinimumVisualStudioVersion = 10.0.40219.1
Project("{2150E333-8FDC-42A3-9474-1A3956D46DE8}") = "src", "src", "{AA922716-3887-4862-BE0B-7FD35508BECC}"
EndProject
Project("{2150E333-8FDC-42A3-9474-1A3956D46DE8}") = "test", "test", "{5B8B4D08-3D4D-4CCC-A707-F6C3367F0DC4}"
EndProject
Project("{2150E333-8FDC-42A3-9474-1A3956D46DE8}") = "Ui", "Ui", "{6A42275F-02A5-4B12-A0F1-CE0D30C34C10}"
EndProject
Project("{2150E333-8FDC-42A3-9474-1A3956D46DE8}") = "Infrastructure", "Infrastructure", "{D611D6C9-09D1-44E8-98CF-40A4154F5AF2}"
EndProject
Project("{2150E333-8FDC-42A3-9474-1A3956D46DE8}") = "Core", "Core", "{FBC95ED2-6848-43F5-ABEA-98FDAC05F7BA}"
EndProject
Project("{2150E333-8FDC-42A3-9474-1A3956D46DE8}") = "Api", "Api", "{4FB6A1E4-0CD0-4D48-8FC4-F4FCD5C2F77D}"
EndProject
Project("{9A19103F-16F7-4668-BE54-9A1E7A4F7556}") = "HR.Domain", "HR.Domain\HR.Domain.csproj", "{8D79F343-14BD-4092-89A6-2A3D2AA23F08}"
EndProject
Project("{9A19103F-16F7-4668-BE54-9A1E7A4F7556}") = "HR.Application", "HR.Application\HR.Application.csproj", "{45700A3C-D956-4F6D-BE63-56673AD22603}"
EndProject
Project("{9A19103F-16F7-4668-BE54-9A1E7A4F7556}") = "HR.Persistence", "HR.Persistence\HR.Persistence.csproj", "{2E0E1B96-095B-49A2-ABE9-A7FD790429AD}"
EndProject
Project("{9A19103F-16F7-4668-BE54-9A1E7A4F7556}") = "HR.Lib", "HR.Lib\HR.Lib.csproj", "{2EEC50E8-985C-4F46-A6C3-86205CED3A25}"
EndProject
Project("{9A19103F-16F7-4668-BE54-9A1E7A4F7556}") = "HR.Api", "HR.Api\HR.Api.csproj", "{7903C980-218F-468A-B53C-EB7453C10914}"
EndProject
Project("{FAE04EC0-301F-11D3-BF4B-00C04F79EFBC}") = "HR.UnitTests", "HR.UnitTests\HR.UnitTests.csproj", "{569146F9-7760-46FE-B798-351D986D84B4}"
EndProject
Global
	GlobalSection(SolutionConfigurationPlatforms) = preSolution
		Debug|Any CPU = Debug|Any CPU
		Release|Any CPU = Release|Any CPU
	EndGlobalSection
	GlobalSection(ProjectConfigurationPlatforms) = postSolution
		{8D79F343-14BD-4092-89A6-2A3D2AA23F08}.Debug|Any CPU.ActiveCfg = Debug|Any CPU
		{8D79F343-14BD-4092-89A6-2A3D2AA23F08}.Debug|Any CPU.Build.0 = Debug|Any CPU
		{8D79F343-14BD-4092-89A6-2A3D2AA23F08}.Release|Any CPU.ActiveCfg = Release|Any CPU
		{8D79F343-14BD-4092-89A6-2A3D2AA23F08}.Release|Any CPU.Build.0 = Release|Any CPU
		{45700A3C-D956-4F6D-BE63-56673AD22603}.Debug|Any CPU.ActiveCfg = Debug|Any CPU
		{45700A3C-D956-4F6D-BE63-56673AD22603}.Debug|Any CPU.Build.0 = Debug|Any CPU
		{45700A3C-D956-4F6D-BE63-56673AD22603}.Release|Any CPU.ActiveCfg = Release|Any CPU
		{45700A3C-D956-4F6D-BE63-56673AD22603}.Release|Any CPU.Build.0 = Release|Any CPU
		{2E0E1B96-095B-49A2-ABE9-A7FD790429AD}.Debug|Any CPU.ActiveCfg = Debug|Any CPU
		{2E0E1B96-095B-49A2-ABE9-A7FD790429AD}.Debug|Any CPU.Build.0 = Debug|Any CPU
		{2E0E1B96-095B-49A2-ABE9-A7FD790429AD}.Release|Any CPU.ActiveCfg = Release|Any CPU
		{2E0E1B96-095B-49A2-ABE9-A7FD790429AD}.Release|Any CPU.Build.0 = Release|Any CPU
		{2EEC50E8-985C-4F46-A6C3-86205CED3A25}.Debug|Any CPU.ActiveCfg = Debug|Any CPU
		{2EEC50E8-985C-4F46-A6C3-86205CED3A25}.Debug|Any CPU.Build.0 = Debug|Any CPU
		{2EEC50E8-985C-4F46-A6C3-86205CED3A25}.Release|Any CPU.ActiveCfg = Release|Any CPU
		{2EEC50E8-985C-4F46-A6C3-86205CED3A25}.Release|Any CPU.Build.0 = Release|Any CPU
		{7903C980-218F-468A-B53C-EB7453C10914}.Debug|Any CPU.ActiveCfg = Debug|Any CPU
		{7903C980-218F-468A-B53C-EB7453C10914}.Debug|Any CPU.Build.0 = Debug|Any CPU
		{7903C980-218F-468A-B53C-EB7453C10914}.Release|Any CPU.ActiveCfg = Release|Any CPU
		{7903C980-218F-468A-B53C-EB7453C10914}.Release|Any CPU.Build.0 = Release|Any CPU
		{569146F9-7760-46FE-B798-351D986D84B4}.Debug|Any CPU.ActiveCfg = Debug|Any CPU
		{569146F9-7760-46FE-B798-351D986D84B4}.Debug|Any CPU.Build.0 = Debug|Any CPU
		{569146F9-7760-46FE-B798-351D986D84B4}.Release|Any CPU.ActiveCfg = Release|Any CPU
		{569146F9-7760-46FE-B798-351D986D84B4}.Release|Any CPU.Build.0 = Release|Any CPU
	EndGlobalSection
	GlobalSection(SolutionProperties) = preSolution
		HideSolutionNode = FALSE
	EndGlobalSection
	GlobalSection(NestedProjects) = preSolution
		{6A42275F-02A5-4B12-A0F1-CE0D30C34C10} = {AA922716-3887-4862-BE0B-7FD35508BECC}
		{D611D6C9-09D1-44E8-98CF-40A4154F5AF2} = {AA922716-3887-4862-BE0B-7FD35508BECC}
		{FBC95ED2-6848-43F5-ABEA-98FDAC05F7BA} = {AA922716-3887-4862-BE0B-7FD35508BECC}
		{4FB6A1E4-0CD0-4D48-8FC4-F4FCD5C2F77D} = {AA922716-3887-4862-BE0B-7FD35508BECC}
		{8D79F343-14BD-4092-89A6-2A3D2AA23F08} = {FBC95ED2-6848-43F5-ABEA-98FDAC05F7BA}
		{45700A3C-D956-4F6D-BE63-56673AD22603} = {FBC95ED2-6848-43F5-ABEA-98FDAC05F7BA}
		{2E0E1B96-095B-49A2-ABE9-A7FD790429AD} = {D611D6C9-09D1-44E8-98CF-40A4154F5AF2}
		{2EEC50E8-985C-4F46-A6C3-86205CED3A25} = {D611D6C9-09D1-44E8-98CF-40A4154F5AF2}
		{7903C980-218F-468A-B53C-EB7453C10914} = {4FB6A1E4-0CD0-4D48-8FC4-F4FCD5C2F77D}
		{569146F9-7760-46FE-B798-351D986D84B4} = {5B8B4D08-3D4D-4CCC-A707-F6C3367F0DC4}
	EndGlobalSection
	GlobalSection(ExtensibilityGlobals) = postSolution
		SolutionGuid = {13ED78A0-1DB0-48F4-8AA1-AA84139101BD}
	EndGlobalSection
EndGlobal
